{
  "nodes": {
    "nixpkgs": {
      "locked": {
        "lastModified": 1736830008,
        "narHash": "sha256-zKNQWcNOIdPRJ1xQStVJoV2eWCacfbav5czd4X5879c=",
        "owner": "nixos",
        "repo": "nixpkgs",
        "rev": "629ab9db28ab2b24e444472b6d3f512553843b42",
        "type": "github"
      },
      "original": {
        "owner": "nixos",
        "repo": "nixpkgs",
        "type": "github"
      }
    },
    "root": {
      "inputs": {
        "nixpkgs": "nixpkgs"
      }
    }
  },
  "root": "root",
  "version": 7
}
